Microsoft Visual Studio Solution File, Format Version 12.00
# Visual Studio Version 17
VisualStudioVersion = 17.5.2.0
MinimumVisualStudioVersion = 10.0.40219.1
Project("{2150E333-8FDC-42A3-9474-1A3956D46DE8}") = "kw-class-registration-main", "kw-class-registration-main", "{C784B6C2-30D8-AA35-4F3E-C0ED7C5C279D}"
EndProject
Project("{FAE04EC0-301F-11D3-BF4B-00C04F79EFBC}") = "kw_enrolment_practice", "kw-class-registration-main\kw_enrolment_practice.csproj", "{89F12E50-BE15-846C-0790-D39E65A93288}"
EndProject
Global
	GlobalSection(SolutionConfigurationPlatforms) = preSolution
		Debug|Any CPU = Debug|Any CPU
		Release|Any CPU = Release|Any CPU
	EndGlobalSection
	GlobalSection(ProjectConfigurationPlatforms) = postSolution
		{89F12E50-BE15-846C-0790-D39E65A93288}.Debug|Any CPU.ActiveCfg = Debug|Any CPU
		{89F12E50-BE15-846C-0790-D39E65A93288}.Debug|Any CPU.Build.0 = Debug|Any CPU
		{89F12E50-BE15-846C-0790-D39E65A93288}.Release|Any CPU.ActiveCfg = Release|Any CPU
		{89F12E50-BE15-846C-0790-D39E65A93288}.Release|Any CPU.Build.0 = Release|Any CPU
	EndGlobalSection
	GlobalSection(SolutionProperties) = preSolution
		HideSolutionNode = FALSE
	EndGlobalSection
	GlobalSection(NestedProjects) = preSolution
		{89F12E50-BE15-846C-0790-D39E65A93288} = {C784B6C2-30D8-AA35-4F3E-C0ED7C5C279D}
	EndGlobalSection
	GlobalSection(ExtensibilityGlobals) = postSolution
		SolutionGuid = {6EDB0F56-F358-4463-960B-9A77AF0821A9}
	EndGlobalSection
EndGlobal
